
Microsoft Visual Studio Solution File, Format Version 12.00
Project("{FAE04EC0-301F-11D3-BF4B-00C04F79EFBC}") = "gPRC-Bench", "gPRC-Bench\gPRC-Bench.csproj", "{FEC69C93-9D13-4620-91DA-3FB67ABB6F50}"
EndProject
Global
	GlobalSection(SolutionConfigurationPlatforms) = preSolution
		Debug|Any CPU = Debug|Any CPU
		Release|Any CPU = Release|Any CPU
	EndGlobalSection
	GlobalSection(ProjectConfigurationPlatforms) = postSolution
		{FEC69C93-9D13-4620-91DA-3FB67ABB6F50}.Debug|Any CPU.ActiveCfg = Debug|Any CPU
		{FEC69C93-9D13-4620-91DA-3FB67ABB6F50}.Debug|Any CPU.Build.0 = Debug|Any CPU
		{FEC69C93-9D13-4620-91DA-3FB67ABB6F50}.Release|Any CPU.ActiveCfg = Release|Any CPU
		{FEC69C93-9D13-4620-91DA-3FB67ABB6F50}.Release|Any CPU.Build.0 = Release|Any CPU
	EndGlobalSection
EndGlobal
